
Microsoft Visual Studio Solution File, Format Version 12.00
# Visual Studio Version 17
VisualStudioVersion = 17.9.34714.143
MinimumVisualStudioVersion = 10.0.40219.1
Project("{FAE04EC0-301F-11D3-BF4B-00C04F79EFBC}") = "EProdaja.API", "EProdaja.API.csproj", "{4FE62DDD-66A2-4631-8AB6-439C67B49FF1}"
EndProject
Project("{FAE04EC0-301F-11D3-BF4B-00C04F79EFBC}") = "EProdaja.Model", "..\EProdaja.Model\EProdaja.Model.csproj", "{C038CA05-ECA8-410A-812B-28D84F452723}"
EndProject
Project("{FAE04EC0-301F-11D3-BF4B-00C04F79EFBC}") = "EProdaja.Services", "..\EProdaja.Services\EProdaja.Services.csproj", "{7AB272F9-BDAF-40AF-842B-DF10115066DE}"
EndProject
Global
	GlobalSection(SolutionConfigurationPlatforms) = preSolution
		Debug|Any CPU = Debug|Any CPU
		Release|Any CPU = Release|Any CPU
	EndGlobalSection
	GlobalSection(ProjectConfigurationPlatforms) = postSolution
		{4FE62DDD-66A2-4631-8AB6-439C67B49FF1}.Debug|Any CPU.ActiveCfg = Debug|Any CPU
		{4FE62DDD-66A2-4631-8AB6-439C67B49FF1}.Debug|Any CPU.Build.0 = Debug|Any CPU
		{4FE62DDD-66A2-4631-8AB6-439C67B49FF1}.Release|Any CPU.ActiveCfg = Release|Any CPU
		{4FE62DDD-66A2-4631-8AB6-439C67B49FF1}.Release|Any CPU.Build.0 = Release|Any CPU
		{C038CA05-ECA8-410A-812B-28D84F452723}.Debug|Any CPU.ActiveCfg = Debug|Any CPU
		{C038CA05-ECA8-410A-812B-28D84F452723}.Debug|Any CPU.Build.0 = Debug|Any CPU
		{C038CA05-ECA8-410A-812B-28D84F452723}.Release|Any CPU.ActiveCfg = Release|Any CPU
		{C038CA05-ECA8-410A-812B-28D84F452723}.Release|Any CPU.Build.0 = Release|Any CPU
		{7AB272F9-BDAF-40AF-842B-DF10115066DE}.Debug|Any CPU.ActiveCfg = Debug|Any CPU
		{7AB272F9-BDAF-40AF-842B-DF10115066DE}.Debug|Any CPU.Build.0 = Debug|Any CPU
		{7AB272F9-BDAF-40AF-842B-DF10115066DE}.Release|Any CPU.ActiveCfg = Release|Any CPU
		{7AB272F9-BDAF-40AF-842B-DF10115066DE}.Release|Any CPU.Build.0 = Release|Any CPU
	EndGlobalSection
	GlobalSection(SolutionProperties) = preSolution
		HideSolutionNode = FALSE
	EndGlobalSection
	GlobalSection(ExtensibilityGlobals) = postSolution
		SolutionGuid = {48162C81-BEEB-43FC-8FF2-C8CF140CFE1D}
	EndGlobalSection
EndGlobal
